{
  "name": "geowarp",
  "version": "0.2.0",
  "lockfileVersion": 2,
  "requires": true,
  "packages": {
    "": {
      "version": "0.2.0",
      "license": "CC0-1.0",
      "dependencies": {
        "fast-max": "^0.3.0",
        "fast-min": "^0.2.0",
        "faster-median": "^0.1.0",
        "typed-array-ranges": "^0.0.0"
      },
      "devDependencies": {
        "@mapbox/tilebelt": "^1.0.2",
        "fast-counter": "*",
        "flug": "^1.1.0",
        "geotiff": "^1.0.4",
        "geotiff-read-bbox": "*",
        "pngjs": "^6.0.0",
        "proj4-fully-loaded": "^0.0.2",
        "reproject-bbox": "^0.0.1"
      }
    },
    "node_modules/@mapbox/tilebelt": {
      "version": "1.0.2",
      "resolved": "https://registry.npmjs.org/@mapbox/tilebelt/-/tilebelt-1.0.2.tgz",
      "integrity": "sha512-tGJN2VIgWrXqBTPIxFVklklIpcy6ss8W5ouq+cjNLXPXFraRaDR4Ice+5Q8/uLX+6aH23lWBMydOIn8PcdVcpA==",
      "dev": true
    },
    "node_modules/@petamoriken/float16": {
      "version": "1.1.1",
      "resolved": "https://registry.npmjs.org/@petamoriken/float16/-/float16-1.1.1.tgz",
      "integrity": "sha512-0r8nE5Q60tj3FbWWYLjAdGnWZgP7CMWXNaI5UsNzypRyxLDb/uvOl5SDw8GcPNu6pSTOt+KSI+0oL6fhSpNOFQ==",
      "dev": true,
      "dependencies": {
        "lodash": ">=4.17.5 <5.0.0",
        "lodash-es": ">=4.17.5 <5.0.0"
      }
    },
    "node_modules/callsites": {
      "version": "3.1.0",
      "resolved": "https://registry.npmjs.org/callsites/-/callsites-3.1.0.tgz",
      "integrity": "sha512-P8BjAsXvZS+VIDUI11hHCQEv74YT67YUi5JJFNWIqL235sBmjX4+qx9Muvls5ivyNENctx46xQLQ3aTuE7ssaQ==",
      "dev": true,
      "engines": {
        "node": ">=6"
      }
    },
    "node_modules/content-type-parser": {
      "version": "1.0.2",
      "resolved": "https://registry.npmjs.org/content-type-parser/-/content-type-parser-1.0.2.tgz",
      "integrity": "sha512-lM4l4CnMEwOLHAHr/P6MEZwZFPJFtAAKgL6pogbXmVZggIqXhdB6RbBtPOTsw2FcXwYhehRGERJmRrjOiIB8pQ==",
      "dev": true
    },
    "node_modules/debug": {
      "version": "4.3.1",
      "resolved": "https://registry.npmjs.org/debug/-/debug-4.3.1.tgz",
      "integrity": "sha512-doEwdvm4PCeK4K3RQN2ZC2BYUBaxwLARCqZmMjtF8a51J2Rb0xpVloFRnCODwqjpwnAoao4pelN8l3RJdv3gRQ==",
      "dev": true,
      "dependencies": {
        "ms": "2.1.2"
      },
      "engines": {
        "node": ">=6.0"
      },
      "peerDependenciesMeta": {
        "supports-color": {
          "optional": true
        }
      }
    },
    "node_modules/esm": {
      "version": "3.2.25",
      "resolved": "https://registry.npmjs.org/esm/-/esm-3.2.25.tgz",
      "integrity": "sha512-U1suiZ2oDVWv4zPO56S0NcR5QriEahGtdN2OR6FiOG4WJvcjBVFB0qI4+eKoWFH483PKGuLuu6V8Z4T5g63UVA==",
      "dev": true,
      "optional": true,
      "engines": {
        "node": ">=6"
      }
    },
    "node_modules/fast-counter": {
      "version": "0.0.0",
      "resolved": "https://registry.npmjs.org/fast-counter/-/fast-counter-0.0.0.tgz",
      "integrity": "sha512-L9sZNvg4WwQ81Vnpx4ty7TNiq1+7eF0vqVE3+OvdMzWNfov8TPwd5pSR6qv0aBPWBjZHolSWhGZfP1qQAXvbsA==",
      "dev": true,
      "dependencies": {
        "get-depth": "0.0.0"
      }
    },
    "node_modules/fast-max": {
      "version": "0.3.0",
      "resolved": "https://registry.npmjs.org/fast-max/-/fast-max-0.3.0.tgz",
      "integrity": "sha512-ZdH1/+QCtcoYwZeEX+zrhZiJhCC2C7dAcKwd6qqPSbt6sn8OEtmlSDXBAjbGWH092+K2kPSrN2STdTFx5A/1cA==",
      "dependencies": {
        "typed-array-ranges": "^0.0.0"
      }
    },
    "node_modules/fast-min": {
      "version": "0.2.0",
      "resolved": "https://registry.npmjs.org/fast-min/-/fast-min-0.2.0.tgz",
      "integrity": "sha512-NCIIOLp9oR5g6SbXuRrP6w7T+JPnjirSaoOHMJ+8vWFXEz4Mb7se4rnZHFRob/BM+CL9UFjp2cBKrJX7NCjPSg==",
      "dependencies": {
        "typed-array-ranges": "^0.0.0"
      }
    },
    "node_modules/faster-median": {
      "version": "0.1.0",
      "resolved": "https://registry.npmjs.org/faster-median/-/faster-median-0.1.0.tgz",
      "integrity": "sha512-fqMyQyUIzpvJ9swzOSp7Y4Jge2yG5PoZttSGS2JIfHfhbh3NQJE+r7ikX90318mhCn8ssUlPe9cOrtlNtcc6pQ=="
    },
    "node_modules/flug": {
      "version": "1.1.0",
      "resolved": "https://registry.npmjs.org/flug/-/flug-1.1.0.tgz",
      "integrity": "sha512-WiqL10XpieW2CNyW4L++cBdIdrTAj6cMhjI/uEtms50JwJwjnythS5QtaE7Db+5ybYqqnTmREzbr/EB+TKlgJA==",
      "dev": true
    },
    "node_modules/geotiff": {
      "version": "1.0.4",
      "resolved": "https://registry.npmjs.org/geotiff/-/geotiff-1.0.4.tgz",
      "integrity": "sha512-JmtpvVHlxvyrWgT6Uf0sy7flmXhjWtG0cqVv+G9fMcupV4DAPdTv7tkhsoMnn9RpIIwolveB/VnyII8cRMOD7A==",
      "dev": true,
      "dependencies": {
        "@petamoriken/float16": "^1.0.7",
        "content-type-parser": "^1.0.2",
        "lru-cache": "^6.0.0",
        "pako": "^1.0.11",
        "parse-headers": "^2.0.2",
        "threads": "^1.3.1",
        "txml": "^3.1.2"
      },
      "engines": {
        "browsers": "defaults",
        "node": ">=10.19"
      }
    },
    "node_modules/geotiff-read-bbox": {
      "version": "0.0.0",
      "resolved": "https://registry.npmjs.org/geotiff-read-bbox/-/geotiff-read-bbox-0.0.0.tgz",
      "integrity": "sha512-Zm2TfClUVt/wFJsWyLoTJQDD6EbP+/cTi28pwsaad51JhMteqK77IjnLH0h2Bl1h0/PuFqbAWAjI9UaD621vOw==",
      "dev": true,
      "dependencies": {
        "reproject-bbox": "^0.0.1"
      }
    },
    "node_modules/get-depth": {
      "version": "0.0.0",
      "resolved": "https://registry.npmjs.org/get-depth/-/get-depth-0.0.0.tgz",
      "integrity": "sha512-nwFFtJQBUSUfgSkI9uYXxI/dHRORT6Sqo85GKdR0gH9ajX3k5rP45DJEqbc1BUlZARwnjuMRTieRabtGwwioNQ==",
      "dev": true
    },
    "node_modules/inherits": {
      "version": "2.0.4",
      "resolved": "https://registry.npmjs.org/inherits/-/inherits-2.0.4.tgz",
      "integrity": "sha512-k/vGaX4/Yla3WzyMCvTQOXYeIHvqOKtnqBduzTHpzpQZzAskKMhZ2K+EnBiSM9zGSoIFeMpXKxa4dYeZIQqewQ==",
      "dev": true
    },
    "node_modules/is-observable": {
      "version": "2.1.0",
      "resolved": "https://registry.npmjs.org/is-observable/-/is-observable-2.1.0.tgz",
      "integrity": "sha512-DailKdLb0WU+xX8K5w7VsJhapwHLZ9jjmazqCJq4X12CTgqq73TKnbRcnSLuXYPOoLQgV5IrD7ePiX/h1vnkBw==",
      "dev": true,
      "engines": {
        "node": ">=8"
      },
      "funding": {
        "url": "https://github.com/sponsors/sindresorhus"
      }
    },
    "node_modules/lodash": {
      "version": "4.17.21",
      "resolved": "https://registry.npmjs.org/lodash/-/lodash-4.17.21.tgz",
      "integrity": "sha512-v2kDEe57lecTulaDIuNTPy3Ry4gLGJ6Z1O3vE1krgXZNrsQ+LFTGHVxVjcXPs17LhbZVGedAJv8XZ1tvj5FvSg==",
      "dev": true
    },
    "node_modules/lodash-es": {
      "version": "4.17.21",
      "resolved": "https://registry.npmjs.org/lodash-es/-/lodash-es-4.17.21.tgz",
      "integrity": "sha512-mKnC+QJ9pWVzv+C4/U3rRsHapFfHvQFoFB92e52xeyGMcX6/OlIl78je1u8vePzYZSkkogMPJ2yjxxsb89cxyw==",
      "dev": true
    },
    "node_modules/lru-cache": {
      "version": "6.0.0",
      "resolved": "https://registry.npmjs.org/lru-cache/-/lru-cache-6.0.0.tgz",
      "integrity": "sha512-Jo6dJ04CmSjuznwJSS3pUeWmd/H0ffTlkXXgwZi+eq1UCmqQwCh+eLsYOYCwY991i2Fah4h1BEMCx4qThGbsiA==",
      "dev": true,
      "dependencies": {
        "yallist": "^4.0.0"
      },
      "engines": {
        "node": ">=10"
      }
    },
    "node_modules/mgrs": {
      "version": "1.0.0",
      "resolved": "https://registry.npmjs.org/mgrs/-/mgrs-1.0.0.tgz",
      "integrity": "sha1-+5FYjnjJACVnI5XLQLJffNatGCk=",
      "dev": true
    },
    "node_modules/ms": {
      "version": "2.1.2",
      "resolved": "https://registry.npmjs.org/ms/-/ms-2.1.2.tgz",
      "integrity": "sha512-sGkPx+VjMtmA6MX27oA4FBFELFCZZ4S4XqeGOXCv68tT+jb3vk/RyaKWP0PTKyWtmLSM0b+adUTEvbs1PEaH2w==",
      "dev": true
    },
    "node_modules/observable-fns": {
      "version": "0.5.1",
      "resolved": "https://registry.npmjs.org/observable-fns/-/observable-fns-0.5.1.tgz",
      "integrity": "sha512-wf7g4Jpo1Wt2KIqZKLGeiuLOEMqpaOZ5gJn7DmSdqXgTdxRwSdBhWegQQpPteQ2gZvzCKqNNpwb853wcpA0j7A==",
      "dev": true
    },
    "node_modules/pako": {
      "version": "1.0.11",
      "resolved": "https://registry.npmjs.org/pako/-/pako-1.0.11.tgz",
      "integrity": "sha512-4hLB8Py4zZce5s4yd9XzopqwVv/yGNhV1Bl8NTmCq1763HeK2+EwVTv+leGeL13Dnh2wfbqowVPXCIO0z4taYw==",
      "dev": true
    },
    "node_modules/parse-headers": {
      "version": "2.0.3",
      "resolved": "https://registry.npmjs.org/parse-headers/-/parse-headers-2.0.3.tgz",
      "integrity": "sha512-QhhZ+DCCit2Coi2vmAKbq5RGTRcQUOE2+REgv8vdyu7MnYx2eZztegqtTx99TZ86GTIwqiy3+4nQTWZ2tgmdCA==",
      "dev": true
    },
    "node_modules/pngjs": {
      "version": "6.0.0",
      "resolved": "https://registry.npmjs.org/pngjs/-/pngjs-6.0.0.tgz",
      "integrity": "sha512-TRzzuFRRmEoSW/p1KVAmiOgPco2Irlah+bGFCeNfJXxxYGwSw7YwAOAcd7X28K/m5bjBWKsC29KyoMfHbypayg==",
      "dev": true,
      "engines": {
        "node": ">=12.13.0"
      }
    },
    "node_modules/proj4": {
      "version": "2.7.2",
      "resolved": "https://registry.npmjs.org/proj4/-/proj4-2.7.2.tgz",
      "integrity": "sha512-x/EboBmIq48a9FED0Z9zWCXkd8VIpXHLsyEXljGtsnzeztC41bFjPjJ0S//wBbNLDnDYRe0e6c3FSSiqMCebDA==",
      "dev": true,
      "dependencies": {
        "mgrs": "1.0.0",
        "wkt-parser": "^1.2.4"
      }
    },
    "node_modules/proj4-fully-loaded": {
      "version": "0.0.2",
      "resolved": "https://registry.npmjs.org/proj4-fully-loaded/-/proj4-fully-loaded-0.0.2.tgz",
      "integrity": "sha512-Nl+RZWmLVdJPqgaAB/XIxy3Ep0hI2GoZWg/gnXfs8fz+0zg6CBpMSOveKXtv9onVwzownM75wRa75TFK+h5jAQ==",
      "dev": true,
      "dependencies": {
        "proj4": "^2.7.2",
        "proj4js-definitions": "^0.1.0"
      }
    },
    "node_modules/proj4js-definitions": {
      "version": "0.1.0",
      "resolved": "https://registry.npmjs.org/proj4js-definitions/-/proj4js-definitions-0.1.0.tgz",
      "integrity": "sha512-qmyhkWihIa3E3ZiFsNxvap6oS5+zEH85felbe/YVFuCr1E2j5yUrNQUOU9UEbvKkRJW9kk0MhENtbW3+9Nnr3g==",
      "dev": true
    },
    "node_modules/readable-stream": {
      "version": "3.6.0",
      "resolved": "https://registry.npmjs.org/readable-stream/-/readable-stream-3.6.0.tgz",
      "integrity": "sha512-BViHy7LKeTz4oNnkcLJ+lVSL6vpiFeX6/d3oSH8zCW7UxP2onchk+vTGB143xuFjHS3deTgkKoXXymXqymiIdA==",
      "dev": true,
      "dependencies": {
        "inherits": "^2.0.3",
        "string_decoder": "^1.1.1",
        "util-deprecate": "^1.0.1"
      },
      "engines": {
        "node": ">= 6"
      }
    },
    "node_modules/reproject-bbox": {
      "version": "0.0.1",
      "resolved": "https://registry.npmjs.org/reproject-bbox/-/reproject-bbox-0.0.1.tgz",
      "integrity": "sha512-4t8g5/1f4JTdi5fL/gIEU3MPh9PiLrSQatqiYiUgT/2fT+ImfqDuJRDYtBClW7uhaa4tjJgnfOjKTlFQzvaZbA==",
      "dev": true,
      "dependencies": {
        "proj4-fully-loaded": "^0.0.2"
      }
    },
    "node_modules/safe-buffer": {
      "version": "5.2.1",
      "resolved": "https://registry.npmjs.org/safe-buffer/-/safe-buffer-5.2.1.tgz",
      "integrity": "sha512-rp3So07KcdmmKbGvgaNxQSJr7bGVSVk5S9Eq1F+ppbRo70+YeaDxkw5Dd8NPN+GD6bjnYm2VuPuCXmpuYvmCXQ==",
      "dev": true,
      "funding": [
        {
          "type": "github",
          "url": "https://github.com/sponsors/feross"
        },
        {
          "type": "patreon",
          "url": "https://www.patreon.com/feross"
        },
        {
          "type": "consulting",
          "url": "https://feross.org/support"
        }
      ]
    },
    "node_modules/string_decoder": {
      "version": "1.3.0",
      "resolved": "https://registry.npmjs.org/string_decoder/-/string_decoder-1.3.0.tgz",
      "integrity": "sha512-hkRX8U1WjJFd8LsDJ2yQ/wWWxaopEsABU1XfkM8A+j0+85JAGppt16cr1Whg6KIbb4okU6Mql6BOj+uup/wKeA==",
      "dev": true,
      "dependencies": {
        "safe-buffer": "~5.2.0"
      }
    },
    "node_modules/threads": {
      "version": "1.6.4",
      "resolved": "https://registry.npmjs.org/threads/-/threads-1.6.4.tgz",
      "integrity": "sha512-A+9MQFAUha9W8MjIPmrvETy98qVmZFr5Unox9D95y7kvz3fBpGiFS7JOZs07B2KvTHoRNI5MrGudRVeCmv4Alw==",
      "dev": true,
      "dependencies": {
        "callsites": "^3.1.0",
        "debug": "^4.2.0",
        "is-observable": "^2.1.0",
        "observable-fns": "^0.5.1"
      },
      "funding": {
        "url": "https://github.com/andywer/threads.js?sponsor=1"
      },
      "optionalDependencies": {
        "tiny-worker": ">= 2"
      }
    },
    "node_modules/through2": {
      "version": "3.0.2",
      "resolved": "https://registry.npmjs.org/through2/-/through2-3.0.2.tgz",
      "integrity": "sha512-enaDQ4MUyP2W6ZyT6EsMzqBPZaM/avg8iuo+l2d3QCs0J+6RaqkHV/2/lOwDTueBHeJ/2LG9lrLW3d5rWPucuQ==",
      "dev": true,
      "dependencies": {
        "inherits": "^2.0.4",
        "readable-stream": "2 || 3"
      }
    },
    "node_modules/tiny-worker": {
      "version": "2.3.0",
      "resolved": "https://registry.npmjs.org/tiny-worker/-/tiny-worker-2.3.0.tgz",
      "integrity": "sha512-pJ70wq5EAqTAEl9IkGzA+fN0836rycEuz2Cn6yeZ6FRzlVS5IDOkFHpIoEsksPRQV34GDqXm65+OlnZqUSyK2g==",
      "dev": true,
      "optional": true,
      "dependencies": {
        "esm": "^3.2.25"
      }
    },
    "node_modules/txml": {
      "version": "3.2.5",
      "resolved": "https://registry.npmjs.org/txml/-/txml-3.2.5.tgz",
      "integrity": "sha512-AtN8AgJLiDanttIXJaQlxH8/R0NOCNwto8kcO7BaxdLgsN9b7itM9lnTD7c2O3TadP+hHB9j7ra5XGFRPNnk/g==",
      "dev": true,
      "dependencies": {
        "through2": "^3.0.1"
      }
    },
    "node_modules/typed-array-ranges": {
      "version": "0.0.0",
      "resolved": "https://registry.npmjs.org/typed-array-ranges/-/typed-array-ranges-0.0.0.tgz",
      "integrity": "sha512-f8IjaA5ELCg0QWdUzep2Ru8CjBHmlDurAwu2L5mOiRdv0KZnpiPnWbZX3fvRHk/AKuglwXV/F7O/tIK3nzLmHQ=="
    },
    "node_modules/util-deprecate": {
      "version": "1.0.2",
      "resolved": "https://registry.npmjs.org/util-deprecate/-/util-deprecate-1.0.2.tgz",
      "integrity": "sha1-RQ1Nyfpw3nMnYvvS1KKJgUGaDM8=",
      "dev": true
    },
    "node_modules/wkt-parser": {
      "version": "1.2.4",
      "resolved": "https://registry.npmjs.org/wkt-parser/-/wkt-parser-1.2.4.tgz",
      "integrity": "sha512-ZzKnc7ml/91fOPh5bANBL4vUlWPIYYv11waCtWTkl2TRN+LEmBg60Q1MA8gqV4hEp4MGfSj9JiHz91zw/gTDXg==",
      "dev": true
    },
    "node_modules/yallist": {
      "version": "4.0.0",
      "resolved": "https://registry.npmjs.org/yallist/-/yallist-4.0.0.tgz",
      "integrity": "sha512-3wdGidZyq5PB084XLES5TpOSRA3wjXAlIWMhum2kRcv/41Sn2emQ0dycQW4uZXLejwKvg6EsvbdlVL+FYEct7A==",
      "dev": true
    }
  },
  "dependencies": {
    "@mapbox/tilebelt": {
      "version": "1.0.2",
      "resolved": "https://registry.npmjs.org/@mapbox/tilebelt/-/tilebelt-1.0.2.tgz",
      "integrity": "sha512-tGJN2VIgWrXqBTPIxFVklklIpcy6ss8W5ouq+cjNLXPXFraRaDR4Ice+5Q8/uLX+6aH23lWBMydOIn8PcdVcpA==",
      "dev": true
    },
    "@petamoriken/float16": {
      "version": "1.1.1",
      "resolved": "https://registry.npmjs.org/@petamoriken/float16/-/float16-1.1.1.tgz",
      "integrity": "sha512-0r8nE5Q60tj3FbWWYLjAdGnWZgP7CMWXNaI5UsNzypRyxLDb/uvOl5SDw8GcPNu6pSTOt+KSI+0oL6fhSpNOFQ==",
      "dev": true,
      "requires": {
        "lodash": ">=4.17.5 <5.0.0",
        "lodash-es": ">=4.17.5 <5.0.0"
      }
    },
    "callsites": {
      "version": "3.1.0",
      "resolved": "https://registry.npmjs.org/callsites/-/callsites-3.1.0.tgz",
      "integrity": "sha512-P8BjAsXvZS+VIDUI11hHCQEv74YT67YUi5JJFNWIqL235sBmjX4+qx9Muvls5ivyNENctx46xQLQ3aTuE7ssaQ==",
      "dev": true
    },
    "content-type-parser": {
      "version": "1.0.2",
      "resolved": "https://registry.npmjs.org/content-type-parser/-/content-type-parser-1.0.2.tgz",
      "integrity": "sha512-lM4l4CnMEwOLHAHr/P6MEZwZFPJFtAAKgL6pogbXmVZggIqXhdB6RbBtPOTsw2FcXwYhehRGERJmRrjOiIB8pQ==",
      "dev": true
    },
    "debug": {
      "version": "4.3.1",
      "resolved": "https://registry.npmjs.org/debug/-/debug-4.3.1.tgz",
      "integrity": "sha512-doEwdvm4PCeK4K3RQN2ZC2BYUBaxwLARCqZmMjtF8a51J2Rb0xpVloFRnCODwqjpwnAoao4pelN8l3RJdv3gRQ==",
      "dev": true,
      "requires": {
        "ms": "2.1.2"
      }
    },
    "esm": {
      "version": "3.2.25",
      "resolved": "https://registry.npmjs.org/esm/-/esm-3.2.25.tgz",
      "integrity": "sha512-U1suiZ2oDVWv4zPO56S0NcR5QriEahGtdN2OR6FiOG4WJvcjBVFB0qI4+eKoWFH483PKGuLuu6V8Z4T5g63UVA==",
      "dev": true,
      "optional": true
    },
    "fast-counter": {
      "version": "0.0.0",
      "resolved": "https://registry.npmjs.org/fast-counter/-/fast-counter-0.0.0.tgz",
      "integrity": "sha512-L9sZNvg4WwQ81Vnpx4ty7TNiq1+7eF0vqVE3+OvdMzWNfov8TPwd5pSR6qv0aBPWBjZHolSWhGZfP1qQAXvbsA==",
      "dev": true,
      "requires": {
        "get-depth": "0.0.0"
      }
    },
    "fast-max": {
      "version": "0.3.0",
      "resolved": "https://registry.npmjs.org/fast-max/-/fast-max-0.3.0.tgz",
      "integrity": "sha512-ZdH1/+QCtcoYwZeEX+zrhZiJhCC2C7dAcKwd6qqPSbt6sn8OEtmlSDXBAjbGWH092+K2kPSrN2STdTFx5A/1cA==",
      "requires": {
        "typed-array-ranges": "^0.0.0"
      }
    },
    "fast-min": {
      "version": "0.2.0",
      "resolved": "https://registry.npmjs.org/fast-min/-/fast-min-0.2.0.tgz",
      "integrity": "sha512-NCIIOLp9oR5g6SbXuRrP6w7T+JPnjirSaoOHMJ+8vWFXEz4Mb7se4rnZHFRob/BM+CL9UFjp2cBKrJX7NCjPSg==",
      "requires": {
        "typed-array-ranges": "^0.0.0"
      }
    },
    "faster-median": {
      "version": "0.1.0",
      "resolved": "https://registry.npmjs.org/faster-median/-/faster-median-0.1.0.tgz",
      "integrity": "sha512-fqMyQyUIzpvJ9swzOSp7Y4Jge2yG5PoZttSGS2JIfHfhbh3NQJE+r7ikX90318mhCn8ssUlPe9cOrtlNtcc6pQ=="
    },
    "flug": {
      "version": "1.1.0",
      "resolved": "https://registry.npmjs.org/flug/-/flug-1.1.0.tgz",
      "integrity": "sha512-WiqL10XpieW2CNyW4L++cBdIdrTAj6cMhjI/uEtms50JwJwjnythS5QtaE7Db+5ybYqqnTmREzbr/EB+TKlgJA==",
      "dev": true
    },
    "geotiff": {
      "version": "1.0.4",
      "resolved": "https://registry.npmjs.org/geotiff/-/geotiff-1.0.4.tgz",
      "integrity": "sha512-JmtpvVHlxvyrWgT6Uf0sy7flmXhjWtG0cqVv+G9fMcupV4DAPdTv7tkhsoMnn9RpIIwolveB/VnyII8cRMOD7A==",
      "dev": true,
      "requires": {
        "@petamoriken/float16": "^1.0.7",
        "content-type-parser": "^1.0.2",
        "lru-cache": "^6.0.0",
        "pako": "^1.0.11",
        "parse-headers": "^2.0.2",
        "threads": "^1.3.1",
        "txml": "^3.1.2"
      }
    },
    "geotiff-read-bbox": {
      "version": "0.0.0",
      "resolved": "https://registry.npmjs.org/geotiff-read-bbox/-/geotiff-read-bbox-0.0.0.tgz",
      "integrity": "sha512-Zm2TfClUVt/wFJsWyLoTJQDD6EbP+/cTi28pwsaad51JhMteqK77IjnLH0h2Bl1h0/PuFqbAWAjI9UaD621vOw==",
      "dev": true,
      "requires": {
        "reproject-bbox": "^0.0.1"
      }
    },
    "get-depth": {
      "version": "0.0.0",
      "resolved": "https://registry.npmjs.org/get-depth/-/get-depth-0.0.0.tgz",
      "integrity": "sha512-nwFFtJQBUSUfgSkI9uYXxI/dHRORT6Sqo85GKdR0gH9ajX3k5rP45DJEqbc1BUlZARwnjuMRTieRabtGwwioNQ==",
      "dev": true
    },
    "inherits": {
      "version": "2.0.4",
      "resolved": "https://registry.npmjs.org/inherits/-/inherits-2.0.4.tgz",
      "integrity": "sha512-k/vGaX4/Yla3WzyMCvTQOXYeIHvqOKtnqBduzTHpzpQZzAskKMhZ2K+EnBiSM9zGSoIFeMpXKxa4dYeZIQqewQ==",
      "dev": true
    },
    "is-observable": {
      "version": "2.1.0",
      "resolved": "https://registry.npmjs.org/is-observable/-/is-observable-2.1.0.tgz",
      "integrity": "sha512-DailKdLb0WU+xX8K5w7VsJhapwHLZ9jjmazqCJq4X12CTgqq73TKnbRcnSLuXYPOoLQgV5IrD7ePiX/h1vnkBw==",
      "dev": true
    },
    "lodash": {
      "version": "4.17.21",
      "resolved": "https://registry.npmjs.org/lodash/-/lodash-4.17.21.tgz",
      "integrity": "sha512-v2kDEe57lecTulaDIuNTPy3Ry4gLGJ6Z1O3vE1krgXZNrsQ+LFTGHVxVjcXPs17LhbZVGedAJv8XZ1tvj5FvSg==",
      "dev": true
    },
    "lodash-es": {
      "version": "4.17.21",
      "resolved": "https://registry.npmjs.org/lodash-es/-/lodash-es-4.17.21.tgz",
      "integrity": "sha512-mKnC+QJ9pWVzv+C4/U3rRsHapFfHvQFoFB92e52xeyGMcX6/OlIl78je1u8vePzYZSkkogMPJ2yjxxsb89cxyw==",
      "dev": true
    },
    "lru-cache": {
      "version": "6.0.0",
      "resolved": "https://registry.npmjs.org/lru-cache/-/lru-cache-6.0.0.tgz",
      "integrity": "sha512-Jo6dJ04CmSjuznwJSS3pUeWmd/H0ffTlkXXgwZi+eq1UCmqQwCh+eLsYOYCwY991i2Fah4h1BEMCx4qThGbsiA==",
      "dev": true,
      "requires": {
        "yallist": "^4.0.0"
      }
    },
    "mgrs": {
      "version": "1.0.0",
      "resolved": "https://registry.npmjs.org/mgrs/-/mgrs-1.0.0.tgz",
      "integrity": "sha1-+5FYjnjJACVnI5XLQLJffNatGCk=",
      "dev": true
    },
    "ms": {
      "version": "2.1.2",
      "resolved": "https://registry.npmjs.org/ms/-/ms-2.1.2.tgz",
      "integrity": "sha512-sGkPx+VjMtmA6MX27oA4FBFELFCZZ4S4XqeGOXCv68tT+jb3vk/RyaKWP0PTKyWtmLSM0b+adUTEvbs1PEaH2w==",
      "dev": true
    },
    "observable-fns": {
      "version": "0.5.1",
      "resolved": "https://registry.npmjs.org/observable-fns/-/observable-fns-0.5.1.tgz",
      "integrity": "sha512-wf7g4Jpo1Wt2KIqZKLGeiuLOEMqpaOZ5gJn7DmSdqXgTdxRwSdBhWegQQpPteQ2gZvzCKqNNpwb853wcpA0j7A==",
      "dev": true
    },
    "pako": {
      "version": "1.0.11",
      "resolved": "https://registry.npmjs.org/pako/-/pako-1.0.11.tgz",
      "integrity": "sha512-4hLB8Py4zZce5s4yd9XzopqwVv/yGNhV1Bl8NTmCq1763HeK2+EwVTv+leGeL13Dnh2wfbqowVPXCIO0z4taYw==",
      "dev": true
    },
    "parse-headers": {
      "version": "2.0.3",
      "resolved": "https://registry.npmjs.org/parse-headers/-/parse-headers-2.0.3.tgz",
      "integrity": "sha512-QhhZ+DCCit2Coi2vmAKbq5RGTRcQUOE2+REgv8vdyu7MnYx2eZztegqtTx99TZ86GTIwqiy3+4nQTWZ2tgmdCA==",
      "dev": true
    },
    "pngjs": {
      "version": "6.0.0",
      "resolved": "https://registry.npmjs.org/pngjs/-/pngjs-6.0.0.tgz",
      "integrity": "sha512-TRzzuFRRmEoSW/p1KVAmiOgPco2Irlah+bGFCeNfJXxxYGwSw7YwAOAcd7X28K/m5bjBWKsC29KyoMfHbypayg==",
      "dev": true
    },
    "proj4": {
      "version": "2.7.2",
      "resolved": "https://registry.npmjs.org/proj4/-/proj4-2.7.2.tgz",
      "integrity": "sha512-x/EboBmIq48a9FED0Z9zWCXkd8VIpXHLsyEXljGtsnzeztC41bFjPjJ0S//wBbNLDnDYRe0e6c3FSSiqMCebDA==",
      "dev": true,
      "requires": {
        "mgrs": "1.0.0",
        "wkt-parser": "^1.2.4"
      }
    },
    "proj4-fully-loaded": {
      "version": "0.0.2",
      "resolved": "https://registry.npmjs.org/proj4-fully-loaded/-/proj4-fully-loaded-0.0.2.tgz",
      "integrity": "sha512-Nl+RZWmLVdJPqgaAB/XIxy3Ep0hI2GoZWg/gnXfs8fz+0zg6CBpMSOveKXtv9onVwzownM75wRa75TFK+h5jAQ==",
      "dev": true,
      "requires": {
        "proj4": "^2.7.2",
        "proj4js-definitions": "^0.1.0"
      }
    },
    "proj4js-definitions": {
      "version": "0.1.0",
      "resolved": "https://registry.npmjs.org/proj4js-definitions/-/proj4js-definitions-0.1.0.tgz",
      "integrity": "sha512-qmyhkWihIa3E3ZiFsNxvap6oS5+zEH85felbe/YVFuCr1E2j5yUrNQUOU9UEbvKkRJW9kk0MhENtbW3+9Nnr3g==",
      "dev": true
    },
    "readable-stream": {
      "version": "3.6.0",
      "resolved": "https://registry.npmjs.org/readable-stream/-/readable-stream-3.6.0.tgz",
      "integrity": "sha512-BViHy7LKeTz4oNnkcLJ+lVSL6vpiFeX6/d3oSH8zCW7UxP2onchk+vTGB143xuFjHS3deTgkKoXXymXqymiIdA==",
      "dev": true,
      "requires": {
        "inherits": "^2.0.3",
        "string_decoder": "^1.1.1",
        "util-deprecate": "^1.0.1"
      }
    },
    "reproject-bbox": {
      "version": "0.0.1",
      "resolved": "https://registry.npmjs.org/reproject-bbox/-/reproject-bbox-0.0.1.tgz",
      "integrity": "sha512-4t8g5/1f4JTdi5fL/gIEU3MPh9PiLrSQatqiYiUgT/2fT+ImfqDuJRDYtBClW7uhaa4tjJgnfOjKTlFQzvaZbA==",
      "dev": true,
      "requires": {
        "proj4-fully-loaded": "^0.0.2"
      }
    },
    "safe-buffer": {
      "version": "5.2.1",
      "resolved": "https://registry.npmjs.org/safe-buffer/-/safe-buffer-5.2.1.tgz",
      "integrity": "sha512-rp3So07KcdmmKbGvgaNxQSJr7bGVSVk5S9Eq1F+ppbRo70+YeaDxkw5Dd8NPN+GD6bjnYm2VuPuCXmpuYvmCXQ==",
      "dev": true
    },
    "string_decoder": {
      "version": "1.3.0",
      "resolved": "https://registry.npmjs.org/string_decoder/-/string_decoder-1.3.0.tgz",
      "integrity": "sha512-hkRX8U1WjJFd8LsDJ2yQ/wWWxaopEsABU1XfkM8A+j0+85JAGppt16cr1Whg6KIbb4okU6Mql6BOj+uup/wKeA==",
      "dev": true,
      "requires": {
        "safe-buffer": "~5.2.0"
      }
    },
    "threads": {
      "version": "1.6.4",
      "resolved": "https://registry.npmjs.org/threads/-/threads-1.6.4.tgz",
      "integrity": "sha512-A+9MQFAUha9W8MjIPmrvETy98qVmZFr5Unox9D95y7kvz3fBpGiFS7JOZs07B2KvTHoRNI5MrGudRVeCmv4Alw==",
      "dev": true,
      "requires": {
        "callsites": "^3.1.0",
        "debug": "^4.2.0",
        "is-observable": "^2.1.0",
        "observable-fns": "^0.5.1",
        "tiny-worker": ">= 2"
      }
    },
    "through2": {
      "version": "3.0.2",
      "resolved": "https://registry.npmjs.org/through2/-/through2-3.0.2.tgz",
      "integrity": "sha512-enaDQ4MUyP2W6ZyT6EsMzqBPZaM/avg8iuo+l2d3QCs0J+6RaqkHV/2/lOwDTueBHeJ/2LG9lrLW3d5rWPucuQ==",
      "dev": true,
      "requires": {
        "inherits": "^2.0.4",
        "readable-stream": "2 || 3"
      }
    },
    "tiny-worker": {
      "version": "2.3.0",
      "resolved": "https://registry.npmjs.org/tiny-worker/-/tiny-worker-2.3.0.tgz",
      "integrity": "sha512-pJ70wq5EAqTAEl9IkGzA+fN0836rycEuz2Cn6yeZ6FRzlVS5IDOkFHpIoEsksPRQV34GDqXm65+OlnZqUSyK2g==",
      "dev": true,
      "optional": true,
      "requires": {
        "esm": "^3.2.25"
      }
    },
    "txml": {
      "version": "3.2.5",
      "resolved": "https://registry.npmjs.org/txml/-/txml-3.2.5.tgz",
      "integrity": "sha512-AtN8AgJLiDanttIXJaQlxH8/R0NOCNwto8kcO7BaxdLgsN9b7itM9lnTD7c2O3TadP+hHB9j7ra5XGFRPNnk/g==",
      "dev": true,
      "requires": {
        "through2": "^3.0.1"
      }
    },
    "typed-array-ranges": {
      "version": "0.0.0",
      "resolved": "https://registry.npmjs.org/typed-array-ranges/-/typed-array-ranges-0.0.0.tgz",
      "integrity": "sha512-f8IjaA5ELCg0QWdUzep2Ru8CjBHmlDurAwu2L5mOiRdv0KZnpiPnWbZX3fvRHk/AKuglwXV/F7O/tIK3nzLmHQ=="
    },
    "util-deprecate": {
      "version": "1.0.2",
      "resolved": "https://registry.npmjs.org/util-deprecate/-/util-deprecate-1.0.2.tgz",
      "integrity": "sha1-RQ1Nyfpw3nMnYvvS1KKJgUGaDM8=",
      "dev": true
    },
    "wkt-parser": {
      "version": "1.2.4",
      "resolved": "https://registry.npmjs.org/wkt-parser/-/wkt-parser-1.2.4.tgz",
      "integrity": "sha512-ZzKnc7ml/91fOPh5bANBL4vUlWPIYYv11waCtWTkl2TRN+LEmBg60Q1MA8gqV4hEp4MGfSj9JiHz91zw/gTDXg==",
      "dev": true
    },
    "yallist": {
      "version": "4.0.0",
      "resolved": "https://registry.npmjs.org/yallist/-/yallist-4.0.0.tgz",
      "integrity": "sha512-3wdGidZyq5PB084XLES5TpOSRA3wjXAlIWMhum2kRcv/41Sn2emQ0dycQW4uZXLejwKvg6EsvbdlVL+FYEct7A==",
      "dev": true
    }
  }
}
